
Microsoft Visual Studio Solution File, Format Version 11.00
# Visual Studio 2010
Project("{FAE04EC0-301F-11D3-BF4B-00C04F79EFBC}") = "scheduleApp", "scheduleApp\scheduleApp.csproj", "{6C50A9B7-8162-4DB2-9499-31921A55039A}"
EndProject
Global
	GlobalSection(SolutionConfigurationPlatforms) = preSolution
		Debug|Any CPU = Debug|Any CPU
		Release|Any CPU = Release|Any CPU
	EndGlobalSection
	GlobalSection(ProjectConfigurationPlatforms) = postSolution
		{6C50A9B7-8162-4DB2-9499-31921A55039A}.Debug|Any CPU.ActiveCfg = Debug|Any CPU
		{6C50A9B7-8162-4DB2-9499-31921A55039A}.Debug|Any CPU.Build.0 = Debug|Any CPU
		{6C50A9B7-8162-4DB2-9499-31921A55039A}.Debug|Any CPU.Deploy.0 = Debug|Any CPU
		{6C50A9B7-8162-4DB2-9499-31921A55039A}.Release|Any CPU.ActiveCfg = Release|Any CPU
		{6C50A9B7-8162-4DB2-9499-31921A55039A}.Release|Any CPU.Build.0 = Release|Any CPU
		{6C50A9B7-8162-4DB2-9499-31921A55039A}.Release|Any CPU.Deploy.0 = Release|Any CPU
	EndGlobalSection
	GlobalSection(SolutionProperties) = preSolution
		HideSolutionNode = FALSE
	EndGlobalSection
EndGlobal
